
Microsoft Visual Studio Solution File, Format Version 12.00
# Visual Studio Version 16
VisualStudioVersion = 25.0.1703.8
MinimumVisualStudioVersion = 10.0.40219.1
Project("{FAE04EC0-301F-11D3-BF4B-00C04F79EFBC}") = "BudgetWeb", "BudgetWeb\BudgetWeb.csproj", "{5C206B12-F543-48C0-9C76-50DCBC6507FB}"
EndProject
Project("{FAE04EC0-301F-11D3-BF4B-00C04F79EFBC}") = "BudgetWeb.Domain", "BudgetWeb.Domain\BudgetWeb.Domain.csproj", "{4FE6C45B-A684-4056-A3C7-652BF4C8C596}"
EndProject
Project("{FAE04EC0-301F-11D3-BF4B-00C04F79EFBC}") = "BudgetWeb.Application", "BudgetWeb.Application\BudgetWeb.Application.csproj", "{925278C7-0307-47C5-8803-D0AA6517ED55}"
EndProject
Project("{FAE04EC0-301F-11D3-BF4B-00C04F79EFBC}") = "BudgetWeb.Infrastructure", "BudgetWeb.Infrastructure\BudgetWeb.Infrastructure.csproj", "{2BFE3744-4132-4689-AADB-7720B5D9AF54}"
EndProject
Project("{FAE04EC0-301F-11D3-BF4B-00C04F79EFBC}") = "BudgetWeb.API", "BudgetWeb.API\BudgetWeb.API.csproj", "{61F68C68-F3D4-4CEE-AC0D-82EA8E24C349}"
EndProject
Project("{FAE04EC0-301F-11D3-BF4B-00C04F79EFBC}") = "BudgetWeb.BlazorUI", "BudgetWeb.BlazorUI\BudgetWeb.BlazorUI.csproj", "{4F750E85-8B9D-413A-8C94-6B70209233AA}"
EndProject
Project("{F2A71F9B-5D33-465A-A702-920D77279786}") = "BudgetWeb.CalculationsEngine", "BudgetWeb.CalculationsEngine\BudgetWeb.CalculationsEngine.fsproj", "{D553FE2A-7CF9-4EE8-9074-532B161197E2}"
EndProject
Project("{FAE04EC0-301F-11D3-BF4B-00C04F79EFBC}") = "BudgetWeb.Domain.Tests", "BudgetWeb.Domain.Tests\BudgetWeb.Domain.Tests.csproj", "{EF01D49A-324B-464E-AB56-1B12A764B90B}"
EndProject
Project("{FAE04EC0-301F-11D3-BF4B-00C04F79EFBC}") = "BudgetWeb.Application.Tests", "BudgetWeb.Application.Tests\BudgetWeb.Application.Tests.csproj", "{AE131471-35B7-4E74-81CB-F0FAAD5D65C3}"
EndProject
Project("{FAE04EC0-301F-11D3-BF4B-00C04F79EFBC}") = "BudgetWeb.API.Tests", "BudgetWeb.API.Tests\BudgetWeb.API.Tests.csproj", "{9850916E-EE7A-4A44-B01D-FD74C2FF1685}"
EndProject
Project("{FAE04EC0-301F-11D3-BF4B-00C04F79EFBC}") = "BudgetWeb.CalculationsEngine.Tests", "BudgetWeb.CalculationsEngine.Tests\BudgetWeb.CalculationsEngine.Tests.csproj", "{68118C02-25A5-4203-8AF9-D3E1846DE2E5}"
EndProject
Global
	GlobalSection(SolutionConfigurationPlatforms) = preSolution
		Debug|Any CPU = Debug|Any CPU
		Debug|x64 = Debug|x64
		Debug|x86 = Debug|x86
		Release|Any CPU = Release|Any CPU
		Release|x64 = Release|x64
		Release|x86 = Release|x86
	EndGlobalSection
	GlobalSection(ProjectConfigurationPlatforms) = postSolution
		{5C206B12-F543-48C0-9C76-50DCBC6507FB}.Debug|Any CPU.ActiveCfg = Debug|Any CPU
		{5C206B12-F543-48C0-9C76-50DCBC6507FB}.Debug|Any CPU.Build.0 = Debug|Any CPU
		{5C206B12-F543-48C0-9C76-50DCBC6507FB}.Debug|x64.ActiveCfg = Debug|Any CPU
		{5C206B12-F543-48C0-9C76-50DCBC6507FB}.Debug|x64.Build.0 = Debug|Any CPU
		{5C206B12-F543-48C0-9C76-50DCBC6507FB}.Debug|x86.ActiveCfg = Debug|Any CPU
		{5C206B12-F543-48C0-9C76-50DCBC6507FB}.Debug|x86.Build.0 = Debug|Any CPU
		{5C206B12-F543-48C0-9C76-50DCBC6507FB}.Release|Any CPU.ActiveCfg = Release|Any CPU
		{5C206B12-F543-48C0-9C76-50DCBC6507FB}.Release|Any CPU.Build.0 = Release|Any CPU
		{5C206B12-F543-48C0-9C76-50DCBC6507FB}.Release|x64.ActiveCfg = Release|Any CPU
		{5C206B12-F543-48C0-9C76-50DCBC6507FB}.Release|x64.Build.0 = Release|Any CPU
		{5C206B12-F543-48C0-9C76-50DCBC6507FB}.Release|x86.ActiveCfg = Release|Any CPU
		{5C206B12-F543-48C0-9C76-50DCBC6507FB}.Release|x86.Build.0 = Release|Any CPU
		{4FE6C45B-A684-4056-A3C7-652BF4C8C596}.Debug|Any CPU.ActiveCfg = Debug|Any CPU
		{4FE6C45B-A684-4056-A3C7-652BF4C8C596}.Debug|Any CPU.Build.0 = Debug|Any CPU
		{4FE6C45B-A684-4056-A3C7-652BF4C8C596}.Debug|x64.ActiveCfg = Debug|Any CPU
		{4FE6C45B-A684-4056-A3C7-652BF4C8C596}.Debug|x64.Build.0 = Debug|Any CPU
		{4FE6C45B-A684-4056-A3C7-652BF4C8C596}.Debug|x86.ActiveCfg = Debug|Any CPU
		{4FE6C45B-A684-4056-A3C7-652BF4C8C596}.Debug|x86.Build.0 = Debug|Any CPU
		{4FE6C45B-A684-4056-A3C7-652BF4C8C596}.Release|Any CPU.ActiveCfg = Release|Any CPU
		{4FE6C45B-A684-4056-A3C7-652BF4C8C596}.Release|Any CPU.Build.0 = Release|Any CPU
		{4FE6C45B-A684-4056-A3C7-652BF4C8C596}.Release|x64.ActiveCfg = Release|Any CPU
		{4FE6C45B-A684-4056-A3C7-652BF4C8C596}.Release|x64.Build.0 = Release|Any CPU
		{4FE6C45B-A684-4056-A3C7-652BF4C8C596}.Release|x86.ActiveCfg = Release|Any CPU
		{4FE6C45B-A684-4056-A3C7-652BF4C8C596}.Release|x86.Build.0 = Release|Any CPU
		{925278C7-0307-47C5-8803-D0AA6517ED55}.Debug|Any CPU.ActiveCfg = Debug|Any CPU
		{925278C7-0307-47C5-8803-D0AA6517ED55}.Debug|Any CPU.Build.0 = Debug|Any CPU
		{925278C7-0307-47C5-8803-D0AA6517ED55}.Debug|x64.ActiveCfg = Debug|Any CPU
		{925278C7-0307-47C5-8803-D0AA6517ED55}.Debug|x64.Build.0 = Debug|Any CPU
		{925278C7-0307-47C5-8803-D0AA6517ED55}.Debug|x86.ActiveCfg = Debug|Any CPU
		{925278C7-0307-47C5-8803-D0AA6517ED55}.Debug|x86.Build.0 = Debug|Any CPU
		{925278C7-0307-47C5-8803-D0AA6517ED55}.Release|Any CPU.ActiveCfg = Release|Any CPU
		{925278C7-0307-47C5-8803-D0AA6517ED55}.Release|Any CPU.Build.0 = Release|Any CPU
		{925278C7-0307-47C5-8803-D0AA6517ED55}.Release|x64.ActiveCfg = Release|Any CPU
		{925278C7-0307-47C5-8803-D0AA6517ED55}.Release|x64.Build.0 = Release|Any CPU
		{925278C7-0307-47C5-8803-D0AA6517ED55}.Release|x86.ActiveCfg = Release|Any CPU
		{925278C7-0307-47C5-8803-D0AA6517ED55}.Release|x86.Build.0 = Release|Any CPU
		{2BFE3744-4132-4689-AADB-7720B5D9AF54}.Debug|Any CPU.ActiveCfg = Debug|Any CPU
		{2BFE3744-4132-4689-AADB-7720B5D9AF54}.Debug|Any CPU.Build.0 = Debug|Any CPU
		{2BFE3744-4132-4689-AADB-7720B5D9AF54}.Debug|x64.ActiveCfg = Debug|Any CPU
		{2BFE3744-4132-4689-AADB-7720B5D9AF54}.Debug|x64.Build.0 = Debug|Any CPU
		{2BFE3744-4132-4689-AADB-7720B5D9AF54}.Debug|x86.ActiveCfg = Debug|Any CPU
		{2BFE3744-4132-4689-AADB-7720B5D9AF54}.Debug|x86.Build.0 = Debug|Any CPU
		{2BFE3744-4132-4689-AADB-7720B5D9AF54}.Release|Any CPU.ActiveCfg = Release|Any CPU
		{2BFE3744-4132-4689-AADB-7720B5D9AF54}.Release|Any CPU.Build.0 = Release|Any CPU
		{2BFE3744-4132-4689-AADB-7720B5D9AF54}.Release|x64.ActiveCfg = Release|Any CPU
		{2BFE3744-4132-4689-AADB-7720B5D9AF54}.Release|x64.Build.0 = Release|Any CPU
		{2BFE3744-4132-4689-AADB-7720B5D9AF54}.Release|x86.ActiveCfg = Release|Any CPU
		{2BFE3744-4132-4689-AADB-7720B5D9AF54}.Release|x86.Build.0 = Release|Any CPU
		{61F68C68-F3D4-4CEE-AC0D-82EA8E24C349}.Debug|Any CPU.ActiveCfg = Debug|Any CPU
		{61F68C68-F3D4-4CEE-AC0D-82EA8E24C349}.Debug|Any CPU.Build.0 = Debug|Any CPU
		{61F68C68-F3D4-4CEE-AC0D-82EA8E24C349}.Debug|x64.ActiveCfg = Debug|Any CPU
		{61F68C68-F3D4-4CEE-AC0D-82EA8E24C349}.Debug|x64.Build.0 = Debug|Any CPU
		{61F68C68-F3D4-4CEE-AC0D-82EA8E24C349}.Debug|x86.ActiveCfg = Debug|Any CPU
		{61F68C68-F3D4-4CEE-AC0D-82EA8E24C349}.Debug|x86.Build.0 = Debug|Any CPU
		{61F68C68-F3D4-4CEE-AC0D-82EA8E24C349}.Release|Any CPU.ActiveCfg = Release|Any CPU
		{61F68C68-F3D4-4CEE-AC0D-82EA8E24C349}.Release|Any CPU.Build.0 = Release|Any CPU
		{61F68C68-F3D4-4CEE-AC0D-82EA8E24C349}.Release|x64.ActiveCfg = Release|Any CPU
		{61F68C68-F3D4-4CEE-AC0D-82EA8E24C349}.Release|x64.Build.0 = Release|Any CPU
		{61F68C68-F3D4-4CEE-AC0D-82EA8E24C349}.Release|x86.ActiveCfg = Release|Any CPU
		{61F68C68-F3D4-4CEE-AC0D-82EA8E24C349}.Release|x86.Build.0 = Release|Any CPU
		{4F750E85-8B9D-413A-8C94-6B70209233AA}.Debug|Any CPU.ActiveCfg = Debug|Any CPU
		{4F750E85-8B9D-413A-8C94-6B70209233AA}.Debug|Any CPU.Build.0 = Debug|Any CPU
		{4F750E85-8B9D-413A-8C94-6B70209233AA}.Debug|x64.ActiveCfg = Debug|Any CPU
		{4F750E85-8B9D-413A-8C94-6B70209233AA}.Debug|x64.Build.0 = Debug|Any CPU
		{4F750E85-8B9D-413A-8C94-6B70209233AA}.Debug|x86.ActiveCfg = Debug|Any CPU
		{4F750E85-8B9D-413A-8C94-6B70209233AA}.Debug|x86.Build.0 = Debug|Any CPU
		{4F750E85-8B9D-413A-8C94-6B70209233AA}.Release|Any CPU.ActiveCfg = Release|Any CPU
		{4F750E85-8B9D-413A-8C94-6B70209233AA}.Release|Any CPU.Build.0 = Release|Any CPU
		{4F750E85-8B9D-413A-8C94-6B70209233AA}.Release|x64.ActiveCfg = Release|Any CPU
		{4F750E85-8B9D-413A-8C94-6B70209233AA}.Release|x64.Build.0 = Release|Any CPU
		{4F750E85-8B9D-413A-8C94-6B70209233AA}.Release|x86.ActiveCfg = Release|Any CPU
		{4F750E85-8B9D-413A-8C94-6B70209233AA}.Release|x86.Build.0 = Release|Any CPU
		{D553FE2A-7CF9-4EE8-9074-532B161197E2}.Debug|Any CPU.ActiveCfg = Debug|Any CPU
		{D553FE2A-7CF9-4EE8-9074-532B161197E2}.Debug|Any CPU.Build.0 = Debug|Any CPU
		{D553FE2A-7CF9-4EE8-9074-532B161197E2}.Debug|x64.ActiveCfg = Debug|Any CPU
		{D553FE2A-7CF9-4EE8-9074-532B161197E2}.Debug|x64.Build.0 = Debug|Any CPU
		{D553FE2A-7CF9-4EE8-9074-532B161197E2}.Debug|x86.ActiveCfg = Debug|Any CPU
		{D553FE2A-7CF9-4EE8-9074-532B161197E2}.Debug|x86.Build.0 = Debug|Any CPU
		{D553FE2A-7CF9-4EE8-9074-532B161197E2}.Release|Any CPU.ActiveCfg = Release|Any CPU
		{D553FE2A-7CF9-4EE8-9074-532B161197E2}.Release|Any CPU.Build.0 = Release|Any CPU
		{D553FE2A-7CF9-4EE8-9074-532B161197E2}.Release|x64.ActiveCfg = Release|Any CPU
		{D553FE2A-7CF9-4EE8-9074-532B161197E2}.Release|x64.Build.0 = Release|Any CPU
		{D553FE2A-7CF9-4EE8-9074-532B161197E2}.Release|x86.ActiveCfg = Release|Any CPU
		{D553FE2A-7CF9-4EE8-9074-532B161197E2}.Release|x86.Build.0 = Release|Any CPU
		{EF01D49A-324B-464E-AB56-1B12A764B90B}.Debug|Any CPU.ActiveCfg = Debug|Any CPU
		{EF01D49A-324B-464E-AB56-1B12A764B90B}.Debug|Any CPU.Build.0 = Debug|Any CPU
		{EF01D49A-324B-464E-AB56-1B12A764B90B}.Debug|x64.ActiveCfg = Debug|Any CPU
		{EF01D49A-324B-464E-AB56-1B12A764B90B}.Debug|x64.Build.0 = Debug|Any CPU
		{EF01D49A-324B-464E-AB56-1B12A764B90B}.Debug|x86.ActiveCfg = Debug|Any CPU
		{EF01D49A-324B-464E-AB56-1B12A764B90B}.Debug|x86.Build.0 = Debug|Any CPU
		{EF01D49A-324B-464E-AB56-1B12A764B90B}.Release|Any CPU.ActiveCfg = Release|Any CPU
		{EF01D49A-324B-464E-AB56-1B12A764B90B}.Release|Any CPU.Build.0 = Release|Any CPU
		{EF01D49A-324B-464E-AB56-1B12A764B90B}.Release|x64.ActiveCfg = Release|Any CPU
		{EF01D49A-324B-464E-AB56-1B12A764B90B}.Release|x64.Build.0 = Release|Any CPU
		{EF01D49A-324B-464E-AB56-1B12A764B90B}.Release|x86.ActiveCfg = Release|Any CPU
		{EF01D49A-324B-464E-AB56-1B12A764B90B}.Release|x86.Build.0 = Release|Any CPU
		{AE131471-35B7-4E74-81CB-F0FAAD5D65C3}.Debug|Any CPU.ActiveCfg = Debug|Any CPU
		{AE131471-35B7-4E74-81CB-F0FAAD5D65C3}.Debug|Any CPU.Build.0 = Debug|Any CPU
		{AE131471-35B7-4E74-81CB-F0FAAD5D65C3}.Debug|x64.ActiveCfg = Debug|Any CPU
		{AE131471-35B7-4E74-81CB-F0FAAD5D65C3}.Debug|x64.Build.0 = Debug|Any CPU
		{AE131471-35B7-4E74-81CB-F0FAAD5D65C3}.Debug|x86.ActiveCfg = Debug|Any CPU
		{AE131471-35B7-4E74-81CB-F0FAAD5D65C3}.Debug|x86.Build.0 = Debug|Any CPU
		{AE131471-35B7-4E74-81CB-F0FAAD5D65C3}.Release|Any CPU.ActiveCfg = Release|Any CPU
		{AE131471-35B7-4E74-81CB-F0FAAD5D65C3}.Release|Any CPU.Build.0 = Release|Any CPU
		{AE131471-35B7-4E74-81CB-F0FAAD5D65C3}.Release|x64.ActiveCfg = Release|Any CPU
		{AE131471-35B7-4E74-81CB-F0FAAD5D65C3}.Release|x64.Build.0 = Release|Any CPU
		{AE131471-35B7-4E74-81CB-F0FAAD5D65C3}.Release|x86.ActiveCfg = Release|Any CPU
		{AE131471-35B7-4E74-81CB-F0FAAD5D65C3}.Release|x86.Build.0 = Release|Any CPU
		{9850916E-EE7A-4A44-B01D-FD74C2FF1685}.Debug|Any CPU.ActiveCfg = Debug|Any CPU
		{9850916E-EE7A-4A44-B01D-FD74C2FF1685}.Debug|Any CPU.Build.0 = Debug|Any CPU
		{9850916E-EE7A-4A44-B01D-FD74C2FF1685}.Debug|x64.ActiveCfg = Debug|Any CPU
		{9850916E-EE7A-4A44-B01D-FD74C2FF1685}.Debug|x64.Build.0 = Debug|Any CPU
		{9850916E-EE7A-4A44-B01D-FD74C2FF1685}.Debug|x86.ActiveCfg = Debug|Any CPU
		{9850916E-EE7A-4A44-B01D-FD74C2FF1685}.Debug|x86.Build.0 = Debug|Any CPU
		{9850916E-EE7A-4A44-B01D-FD74C2FF1685}.Release|Any CPU.ActiveCfg = Release|Any CPU
		{9850916E-EE7A-4A44-B01D-FD74C2FF1685}.Release|Any CPU.Build.0 = Release|Any CPU
		{9850916E-EE7A-4A44-B01D-FD74C2FF1685}.Release|x64.ActiveCfg = Release|Any CPU
		{9850916E-EE7A-4A44-B01D-FD74C2FF1685}.Release|x64.Build.0 = Release|Any CPU
		{9850916E-EE7A-4A44-B01D-FD74C2FF1685}.Release|x86.ActiveCfg = Release|Any CPU
		{9850916E-EE7A-4A44-B01D-FD74C2FF1685}.Release|x86.Build.0 = Release|Any CPU
		{68118C02-25A5-4203-8AF9-D3E1846DE2E5}.Debug|Any CPU.ActiveCfg = Debug|Any CPU
		{68118C02-25A5-4203-8AF9-D3E1846DE2E5}.Debug|Any CPU.Build.0 = Debug|Any CPU
		{68118C02-25A5-4203-8AF9-D3E1846DE2E5}.Debug|x64.ActiveCfg = Debug|Any CPU
		{68118C02-25A5-4203-8AF9-D3E1846DE2E5}.Debug|x64.Build.0 = Debug|Any CPU
		{68118C02-25A5-4203-8AF9-D3E1846DE2E5}.Debug|x86.ActiveCfg = Debug|Any CPU
		{68118C02-25A5-4203-8AF9-D3E1846DE2E5}.Debug|x86.Build.0 = Debug|Any CPU
		{68118C02-25A5-4203-8AF9-D3E1846DE2E5}.Release|Any CPU.ActiveCfg = Release|Any CPU
		{68118C02-25A5-4203-8AF9-D3E1846DE2E5}.Release|Any CPU.Build.0 = Release|Any CPU
		{68118C02-25A5-4203-8AF9-D3E1846DE2E5}.Release|x64.ActiveCfg = Release|Any CPU
		{68118C02-25A5-4203-8AF9-D3E1846DE2E5}.Release|x64.Build.0 = Release|Any CPU
		{68118C02-25A5-4203-8AF9-D3E1846DE2E5}.Release|x86.ActiveCfg = Release|Any CPU
		{68118C02-25A5-4203-8AF9-D3E1846DE2E5}.Release|x86.Build.0 = Release|Any CPU
	EndGlobalSection
	GlobalSection(SolutionProperties) = preSolution
		HideSolutionNode = FALSE
	EndGlobalSection
	GlobalSection(ExtensibilityGlobals) = postSolution
		SolutionGuid = {06BCFB49-5065-4B0B-A297-E75AB3CE1B8B}
	EndGlobalSection
EndGlobal
